// !$*UTF8*$!
{
	archiveVersion = 1;
	classes = {
	};
	objectVersion = 48;
	objects = {

/* Begin PBXBuildFile section */
		B9340F9B205188B0005A94DF /* AppDelegate.m in Sources */ = {isa = PBXBuildFile; fileRef = B9340F9A205188B0005A94DF /* AppDelegate.m */; };
		B9340F9E205188B0005A94DF /* ViewController.m in Sources */ = {isa = PBXBuildFile; fileRef = B9340F9D205188B0005A94DF /* ViewController.m */; };
		B9340FA1205188B0005A94DF /* Main.storyboard in Resources */ = {isa = PBXBuildFile; fileRef = B9340F9F205188B0005A94DF /* Main.storyboard */; };
		B9340FA4205188B0005A94DF /* FQ_MineSettingCellDemo.xcdatamodeld in Sources */ = {isa = PBXBuildFile; fileRef = B9340FA2205188B0005A94DF /* FQ_MineSettingCellDemo.xcdatamodeld */; };
		B9340FA6205188B0005A94DF /* Assets.xcassets in Resources */ = {isa = PBXBuildFile; fileRef = B9340FA5205188B0005A94DF /* Assets.xcassets */; };
		B9340FA9205188B0005A94DF /* LaunchScreen.storyboard in Resources */ = {isa = PBXBuildFile; fileRef = B9340FA7205188B0005A94DF /* LaunchScreen.storyboard */; };
		B9340FAC205188B0005A94DF /* main.m in Sources */ = {isa = PBXBuildFile; fileRef = B9340FAB205188B0005A94DF /* main.m */; };
		B9340FB6205188C6005A94DF /* FQ_SettingBaseVC.m in Sources */ = {isa = PBXBuildFile; fileRef = B9340FB3205188C6005A94DF /* FQ_SettingBaseVC.m */; };
		B9340FB7205188C6005A94DF /* TestViewController.m in Sources */ = {isa = PBXBuildFile; fileRef = B9340FB5205188C6005A94DF /* TestViewController.m */; };
/* End PBXBuildFile section */

/* Begin PBXFileReference section */
		B9340F96205188B0005A94DF /* FQ_MineSettingCellDemo.app */ = {isa = PBXFileReference; explicitFileType = wrapper.application; includeInIndex = 0; path = FQ_MineSettingCellDemo.app; sourceTree = BUILT_PRODUCTS_DIR; };
		B9340F99205188B0005A94DF /* AppDelegate.h */ = {isa = PBXFileReference; lastKnownFileType = sourcecode.c.h; path = AppDelegate.h; sourceTree = "<group>"; };
		B9340F9A205188B0005A94DF /* AppDelegate.m */ = {isa = PBXFileReference; lastKnownFileType = sourcecode.c.objc; path = AppDelegate.m; sourceTree = "<group>"; };
		B9340F9C205188B0005A94DF /* ViewController.h */ = {isa = PBXFileReference; lastKnownFileType = sourcecode.c.h; path = ViewController.h; sourceTree = "<group>"; };
		B9340F9D205188B0005A94DF /* ViewController.m */ = {isa = PBXFileReference; lastKnownFileType = sourcecode.c.objc; path = ViewController.m; sourceTree = "<group>"; };
		B9340FA0205188B0005A94DF /* Base */ = {isa = PBXFileReference; lastKnownFileType = file.storyboard; name = Base; path = Base.lproj/Main.storyboard; sourceTree = "<group>"; };
		B9340FA3205188B0005A94DF /* FQ_MineSettingCellDemo.xcdatamodel */ = {isa = PBXFileReference; lastKnownFileType = wrapper.xcdatamodel; path = FQ_MineSettingCellDemo.xcdatamodel; sourceTree = "<group>"; };
		B9340FA5205188B0005A94DF /* Assets.xcassets */ = {isa = PBXFileReference; lastKnownFileType = folder.assetcatalog; path = Assets.xcassets; sourceTree = "<group>"; };
		B9340FA8205188B0005A94DF /* Base */ = {isa = PBXFileReference; lastKnownFileType = file.storyboard; name = Base; path = Base.lproj/LaunchScreen.storyboard; sourceTree = "<group>"; };
		B9340FAA205188B0005A94DF /* Info.plist */ = {isa = PBXFileReference; lastKnownFileType = text.plist.xml; path = Info.plist; sourceTree = "<group>"; };
		B9340FAB205188B0005A94DF /* main.m */ = {isa = PBXFileReference; lastKnownFileType = sourcecode.c.objc; path = main.m; sourceTree = "<group>"; };
		B9340FB2205188C6005A94DF /* FQ_SettingBaseVC.h */ = {isa = PBXFileReference; fileEncoding = 4; lastKnownFileType = sourcecode.c.h; path = FQ_SettingBaseVC.h; sourceTree = "<group>"; };
		B9340FB3205188C6005A94DF /* FQ_SettingBaseVC.m */ = {isa = PBXFileReference; fileEncoding = 4; lastKnownFileType = sourcecode.c.objc; path = FQ_SettingBaseVC.m; sourceTree = "<group>"; };
		B9340FB4205188C6005A94DF /* TestViewController.h */ = {isa = PBXFileReference; fileEncoding = 4; lastKnownFileType = sourcecode.c.h; path = TestViewController.h; sourceTree = "<group>"; };
		B9340FB5205188C6005A94DF /* TestViewController.m */ = {isa = PBXFileReference; fileEncoding = 4; lastKnownFileType = sourcecode.c.objc; path = TestViewController.m; sourceTree = "<group>"; };
/* End PBXFileReference section */

/* Begin PBXFrameworksBuildPhase section */
		B9340F93205188B0005A94DF /* Frameworks */ = {
			isa = PBXFrameworksBuildPhase;
			buildActionMask = 2147483647;
			files = (
			);
			runOnlyForDeploymentPostprocessing = 0;
		};
/* End PBXFrameworksBuildPhase section */

/* Begin PBXGroup section */
		B9340F8D205188B0005A94DF = {
			isa = PBXGroup;
			children = (
				B9340F98205188B0005A94DF /* FQ_MineSettingCellDemo */,
				B9340F97205188B0005A94DF /* Products */,
			);
			sourceTree = "<group>";
		};
		B9340F97205188B0005A94DF /* Products */ = {
			isa = PBXGroup;
			children = (
				B9340F96205188B0005A94DF /* FQ_MineSettingCellDemo.app */,
			);
			name = Products;
			sourceTree = "<group>";
		};
		B9340F98205188B0005A94DF /* FQ_MineSettingCellDemo */ = {
			isa = PBXGroup;
			children = (
				B9340FB2205188C6005A94DF /* FQ_SettingBaseVC.h */,
				B9340FB3205188C6005A94DF /* FQ_SettingBaseVC.m */,
				B9340FB4205188C6005A94DF /* TestViewController.h */,
				B9340FB5205188C6005A94DF /* TestViewController.m */,
				B9340F99205188B0005A94DF /* AppDelegate.h */,
				B9340F9A205188B0005A94DF /* AppDelegate.m */,
				B9340F9C205188B0005A94DF /* ViewController.h */,
				B9340F9D205188B0005A94DF /* ViewController.m */,
				B9340F9F205188B0005A94DF /* Main.storyboard */,
				B9340FA5205188B0005A94DF /* Assets.xcassets */,
				B9340FA7205188B0005A94DF /* LaunchScreen.storyboard */,
				B9340FAA205188B0005A94DF /* Info.plist */,
				B9340FAB205188B0005A94DF /* main.m */,
				B9340FA2205188B0005A94DF /* FQ_MineSettingCellDemo.xcdatamodeld */,
			);
			path = FQ_MineSettingCellDemo;
			sourceTree = "<group>";
		};
/* End PBXGroup section */

/* Begin PBXNativeTarget section */
		B9340F95205188B0005A94DF /* FQ_MineSettingCellDemo */ = {
			isa = PBXNativeTarget;
			buildConfigurationList = B9340FAF205188B0005A94DF /* Build configuration list for PBXNativeTarget "FQ_MineSettingCellDemo" */;
			buildPhases = (
				B9340F92205188B0005A94DF /* Sources */,
				B9340F93205188B0005A94DF /* Frameworks */,
				B9340F94205188B0005A94DF /* Resources */,
			);
			buildRules = (
			);
			dependencies = (
			);
			name = FQ_MineSettingCellDemo;
			productName = FQ_MineSettingCellDemo;
			productReference = B9340F96205188B0005A94DF /* FQ_MineSettingCellDemo.app */;
			productType = "com.apple.product-type.application";
		};
/* End PBXNativeTarget section */

/* Begin PBXProject section */
		B9340F8E205188B0005A94DF /* Project object */ = {
			isa = PBXProject;
			attributes = {
				LastUpgradeCheck = 0920;
				ORGANIZATIONNAME = "范奇";
				TargetAttributes = {
					B9340F95205188B0005A94DF = {
						CreatedOnToolsVersion = 9.2;
						ProvisioningStyle = Automatic;
					};
				};
			};
			buildConfigurationList = B9340F91205188B0005A94DF /* Build configuration list for PBXProject "FQ_MineSettingCellDemo" */;
			compatibilityVersion = "Xcode 8.0";
			developmentRegion = en;
			hasScannedForEncodings = 0;
			knownRegions = (
				en,
				Base,
			);
			mainGroup = B9340F8D205188B0005A94DF;
			productRefGroup = B9340F97205188B0005A94DF /* Products */;
			projectDirPath = "";
			projectRoot = "";
			targets = (
				B9340F95205188B0005A94DF /* FQ_MineSettingCellDemo */,
			);
		};
/* End PBXProject section */

/* Begin PBXResourcesBuildPhase section */
		B9340F94205188B0005A94DF /* Resources */ = {
			isa = PBXResourcesBuildPhase;
			buildActionMask = 2147483647;
			files = (
				B9340FA9205188B0005A94DF /* LaunchScreen.storyboard in Resources */,
				B9340FA6205188B0005A94DF /* Assets.xcassets in Resources */,
				B9340FA1205188B0005A94DF /* Main.storyboard in Resources */,
			);
			runOnlyForDeploymentPostprocessing = 0;
		};
/* End PBXResourcesBuildPhase section */

/* Begin PBXSourcesBuildPhase section */
		B9340F92205188B0005A94DF /* Sources */ = {
			isa = PBXSourcesBuildPhase;
			buildActionMask = 2147483647;
			files = (
				B9340FB7205188C6005A94DF /* TestViewController.m in Sources */,
				B9340FA4205188B0005A94DF /* FQ_MineSettingCellDemo.xcdatamodeld in Sources */,
				B9340FB6205188C6005A94DF /* FQ_SettingBaseVC.m in Sources */,
				B9340F9E205188B0005A94DF /* ViewController.m in Sources */,
				B9340FAC205188B0005A94DF /* main.m in Sources */,
				B9340F9B205188B0005A94DF /* AppDelegate.m in Sources */,
			);
			runOnlyForDeploymentPostprocessing = 0;
		};
/* End PBXSourcesBuildPhase section */

/* Begin PBXVariantGroup section */
		B9340F9F205188B0005A94DF /* Main.storyboard */ = {
			isa = PBXVariantGroup;
			children = (
				B9340FA0205188B0005A94DF /* Base */,
			);
			name = Main.storyboard;
			sourceTree = "<group>";
		};
		B9340FA7205188B0005A94DF /* LaunchScreen.storyboard */ = {
			isa = PBXVariantGroup;
			children = (
				B9340FA8205188B0005A94DF /* Base */,
			);
			name = LaunchScreen.storyboard;
			sourceTree = "<group>";
		};
/* End PBXVariantGroup section */

/* Begin XCBuildConfiguration section */
		B9340FAD205188B0005A94DF /* Debug */ = {
			isa = XCBuildConfiguration;
			buildSettings = {
				ALWAYS_SEARCH_USER_PATHS = NO;
				CLANG_ANALYZER_NONNULL = YES;
				CLANG_ANALYZER_NUMBER_OBJECT_CONVERSION = YES_AGGRESSIVE;
				CLANG_CXX_LANGUAGE_STANDARD = "gnu++14";
				CLANG_CXX_LIBRARY = "libc++";
				CLANG_ENABLE_MODULES = YES;
				CLANG_ENABLE_OBJC_ARC = YES;
				CLANG_WARN_BLOCK_CAPTURE_AUTORELEASING = YES;
				CLANG_WARN_BOOL_CONVERSION = YES;
				CLANG_WARN_COMMA = YES;
				CLANG_WARN_CONSTANT_CONVERSION = YES;
				CLANG_WARN_DIRECT_OBJC_ISA_USAGE = YES_ERROR;
				CLANG_WARN_DOCUMENTATION_COMMENTS = YES;
				CLANG_WARN_EMPTY_BODY = YES;
				CLANG_WARN_ENUM_CONVERSION = YES;
				CLANG_WARN_INFINITE_RECURSION = YES;
				CLANG_WARN_INT_CONVERSION = YES;
				CLANG_WARN_NON_LITERAL_NULL_CONVERSION = YES;
				CLANG_WARN_OBJC_LITERAL_CONVERSION = YES;
				CLANG_WARN_OBJC_ROOT_CLASS = YES_ERROR;
				CLANG_WARN_RANGE_LOOP_ANALYSIS = YES;
				CLANG_WARN_STRICT_PROTOTYPES = YES;
				CLANG_WARN_SUSPICIOUS_MOVE = YES;
				CLANG_WARN_UNGUARDED_AVAILABILITY = YES_AGGRESSIVE;
				CLANG_WARN_UNREACHABLE_CODE = YES;
				CLANG_WARN__DUPLICATE_METHOD_MATCH = YES;
				CODE_SIGN_IDENTITY = "iPhone Developer";
				COPY_PHASE_STRIP = NO;
				DEBUG_INFORMATION_FORMAT = dwarf;
				ENABLE_STRICT_OBJC_MSGSEND = YES;
				ENABLE_TESTABILITY = YES;
				GCC_C_LANGUAGE_STANDARD = gnu11;
				GCC_DYNAMIC_NO_PIC = NO;
				GCC_NO_COMMON_BLOCKS = YES;
				GCC_OPTIMIZATION_LEVEL = 0;
				GCC_PREPROCESSOR_DEFINITIONS = (
					"DEBUG=1",
					"$(inherited)",
				);
				GCC_WARN_64_TO_32_BIT_CONVERSION = YES;
				GCC_WARN_ABOUT_RETURN_TYPE = YES_ERROR;
				GCC_WARN_UNDECLARED_SELECTOR = YES;
				GCC_WARN_UNINITIALIZED_AUTOS = YES_AGGRESSIVE;
				GCC_WARN_UNUSED_FUNCTION = YES;
				GCC_WARN_UNUSED_VARIABLE = YES;
				IPHONEOS_DEPLOYMENT_TARGET = 11.2;
				MTL_ENABLE_DEBUG_INFO = YES;
				ONLY_ACTIVE_ARCH = YES;
				SDKROOT = iphoneos;
			};
			name = Debug;
		};
		B9340FAE205188B0005A94DF /* Release */ = {
			isa = XCBuildConfiguration;
			buildSettings = {
				ALWAYS_SEARCH_USER_PATHS = NO;
				CLANG_ANALYZER_NONNULL = YES;
				CLANG_ANALYZER_NUMBER_OBJECT_CONVERSION = YES_AGGRESSIVE;
				CLANG_CXX_LANGUAGE_STANDARD = "gnu++14";
				CLANG_CXX_LIBRARY = "libc++";
				CLANG_ENABLE_MODULES = YES;
				CLANG_ENABLE_OBJC_ARC = YES;
				CLANG_WARN_BLOCK_CAPTURE_AUTORELEASING = YES;
				CLANG_WARN_BOOL_CONVERSION = YES;
				CLANG_WARN_COMMA = YES;
				CLANG_WARN_CONSTANT_CONVERSION = YES;
				CLANG_WARN_DIRECT_OBJC_ISA_USAGE = YES_ERROR;
				CLANG_WARN_DOCUMENTATION_COMMENTS = YES;
				CLANG_WARN_EMPTY_BODY = YES;
				CLANG_WARN_ENUM_CONVERSION = YES;
				CLANG_WARN_INFINITE_RECURSION = YES;
				CLANG_WARN_INT_CONVERSION = YES;
				CLANG_WARN_NON_LITERAL_NULL_CONVERSION = YES;
				CLANG_WARN_OBJC_LITERAL_CONVERSION = YES;
				CLANG_WARN_OBJC_ROOT_CLASS = YES_ERROR;
				CLANG_WARN_RANGE_LOOP_ANALYSIS = YES;
				CLANG_WARN_STRICT_PROTOTYPES = YES;
				CLANG_WARN_SUSPICIOUS_MOVE = YES;
				CLANG_WARN_UNGUARDED_AVAILABILITY = YES_AGGRESSIVE;
				CLANG_WARN_UNREACHABLE_CODE = YES;
				CLANG_WARN__DUPLICATE_METHOD_MATCH = YES;
				CODE_SIGN_IDENTITY = "iPhone Developer";
				COPY_PHASE_STRIP = NO;
				DEBUG_INFORMATION_FORMAT = "dwarf-with-dsym";
				ENABLE_NS_ASSERTIONS = NO;
				ENABLE_STRICT_OBJC_MSGSEND = YES;
				GCC_C_LANGUAGE_STANDARD = gnu11;
				GCC_NO_COMMON_BLOCKS = YES;
				GCC_WARN_64_TO_32_BIT_CONVERSION = YES;
				GCC_WARN_ABOUT_RETURN_TYPE = YES_ERROR;
				GCC_WARN_UNDECLARED_SELECTOR = YES;
				GCC_WARN_UNINITIALIZED_AUTOS = YES_AGGRESSIVE;
				GCC_WARN_UNUSED_FUNCTION = YES;
				GCC_WARN_UNUSED_VARIABLE = YES;
				IPHONEOS_DEPLOYMENT_TARGET = 11.2;
				MTL_ENABLE_DEBUG_INFO = NO;
				SDKROOT = iphoneos;
				VALIDATE_PRODUCT = YES;
			};
			name = Release;
		};
		B9340FB0205188B0005A94DF /* Debug */ = {
			isa = XCBuildConfiguration;
			buildSettings = {
				ASSETCATALOG_COMPILER_APPICON_NAME = AppIcon;
				CODE_SIGN_STYLE = Automatic;
				INFOPLIST_FILE = FQ_MineSettingCellDemo/Info.plist;
				LD_RUNPATH_SEARCH_PATHS = "$(inherited) @executable_path/Frameworks";
				PRODUCT_BUNDLE_IDENTIFIER = "cn.fanqi.FQ-MineSettingCellDemo";
				PRODUCT_NAME = "$(TARGET_NAME)";
				TARGETED_DEVICE_FAMILY = "1,2";
			};
			name = Debug;
		};
		B9340FB1205188B0005A94DF /* Release */ = {
			isa = XCBuildConfiguration;
			buildSettings = {
				ASSETCATALOG_COMPILER_APPICON_NAME = AppIcon;
				CODE_SIGN_STYLE = Automatic;
				INFOPLIST_FILE = FQ_MineSettingCellDemo/Info.plist;
				LD_RUNPATH_SEARCH_PATHS = "$(inherited) @executable_path/Frameworks";
				PRODUCT_BUNDLE_IDENTIFIER = "cn.fanqi.FQ-MineSettingCellDemo";
				PRODUCT_NAME = "$(TARGET_NAME)";
				TARGETED_DEVICE_FAMILY = "1,2";
			};
			name = Release;
		};
/* End XCBuildConfiguration section */

/* Begin XCConfigurationList section */
		B9340F91205188B0005A94DF /* Build configuration list for PBXProject "FQ_MineSettingCellDemo" */ = {
			isa = XCConfigurationList;
			buildConfigurations = (
				B9340FAD205188B0005A94DF /* Debug */,
				B9340FAE205188B0005A94DF /* Release */,
			);
			defaultConfigurationIsVisible = 0;
			defaultConfigurationName = Release;
		};
		B9340FAF205188B0005A94DF /* Build configuration list for PBXNativeTarget "FQ_MineSettingCellDemo" */ = {
			isa = XCConfigurationList;
			buildConfigurations = (
				B9340FB0205188B0005A94DF /* Debug */,
				B9340FB1205188B0005A94DF /* Release */,
			);
			defaultConfigurationIsVisible = 0;
			defaultConfigurationName = Release;
		};
/* End XCConfigurationList section */

/* Begin XCVersionGroup section */
		B9340FA2205188B0005A94DF /* FQ_MineSettingCellDemo.xcdatamodeld */ = {
			isa = XCVersionGroup;
			children = (
				B9340FA3205188B0005A94DF /* FQ_MineSettingCellDemo.xcdatamodel */,
			);
			currentVersion = B9340FA3205188B0005A94DF /* FQ_MineSettingCellDemo.xcdatamodel */;
			path = FQ_MineSettingCellDemo.xcdatamodeld;
			sourceTree = "<group>";
			versionGroupType = wrapper.xcdatamodel;
		};
/* End XCVersionGroup section */
	};
	rootObject = B9340F8E205188B0005A94DF /* Project object */;
}
